
Microsoft Visual Studio Solution File, Format Version 12.00
# 
Project("{FAE04EC0-301F-11D3-BF4B-00C04F79EFBC}") = "pt-210-test", "pt-210-test\pt-210-test.csproj", "{C095574C-4936-437D-93B5-6C3A4D8D4DEA}"
EndProject
Project("{2150E333-8FDC-42A3-9474-1A3956D46DE8}") = "etc", "etc", "{06930EC5-4ED2-44C9-BB66-A105CDD5E845}"
EndProject
Project("{FAE04EC0-301F-11D3-BF4B-00C04F79EFBC}") = "mkryuchkov.PosPrinter.App.Main", "mkryuchkov.PosPrinter.App.Main\mkryuchkov.PosPrinter.App.Main.csproj", "{51FED8B2-E0FE-4F94-AF26-5A40EA73CCCC}"
EndProject
Project("{2150E333-8FDC-42A3-9474-1A3956D46DE8}") = "3. Application", "3. Application", "{9E968960-FF6E-4857-8320-5B40F6677B05}"
EndProject
Project("{2150E333-8FDC-42A3-9474-1A3956D46DE8}") = "0. Common", "0. Common", "{8C982217-78C1-44CE-8AD6-9B4B1B08C42B}"
EndProject
Project("{2150E333-8FDC-42A3-9474-1A3956D46DE8}") = "1. Model", "1. Model", "{64E894DD-B2FD-4BC6-AF31-7331694EB9C2}"
EndProject
Project("{2150E333-8FDC-42A3-9474-1A3956D46DE8}") = "2. Service", "2. Service", "{B8B9F195-AC8D-43F8-953E-72FE1786BBFA}"
EndProject
Project("{FAE04EC0-301F-11D3-BF4B-00C04F79EFBC}") = "mkryuchkov.TgBot", "mkryuchkov.TgBot\mkryuchkov.TgBot.csproj", "{956B81A8-7904-4117-925C-1BA99545861F}"
EndProject
Project("{FAE04EC0-301F-11D3-BF4B-00C04F79EFBC}") = "mkryuchkov.PosPrinter.Service.Printing", "mkryuchkov.PosPrinter.Service.Printing\mkryuchkov.PosPrinter.Service.Printing.csproj", "{73F63D17-AF29-4DCD-B8B9-149D621C883F}"
EndProject
Project("{FAE04EC0-301F-11D3-BF4B-00C04F79EFBC}") = "mkryuchkov.PosPrinter.Service.Queue", "mkryuchkov.PosPrinter.Service.Queue\mkryuchkov.PosPrinter.Service.Queue.csproj", "{BD1046C6-D015-4504-94C0-106B84F5A1E2}"
EndProject
Project("{FAE04EC0-301F-11D3-BF4B-00C04F79EFBC}") = "mkryuchkov.PosPrinter.Service.TgBot", "mkryuchkov.PosPrinter.Service.TgBot\mkryuchkov.PosPrinter.Service.TgBot.csproj", "{2A3A9360-2A3E-4110-A04C-004F1D43ACAD}"
EndProject
Project("{FAE04EC0-301F-11D3-BF4B-00C04F79EFBC}") = "mkryuchkov.PosPrinter.Service.Core", "mkryuchkov.PosPrinter.Service.Core\mkryuchkov.PosPrinter.Service.Core.csproj", "{8C35E05E-2BF7-420C-8F4E-F27C27C502F3}"
EndProject
Project("{FAE04EC0-301F-11D3-BF4B-00C04F79EFBC}") = "mkryuchkov.ESCPOS.Goojprt", "mkryuchkov.ESCPOS.Goojprt\mkryuchkov.ESCPOS.Goojprt.csproj", "{1B1DD17D-8E73-4A8B-AD6E-C34578627C24}"
EndProject
Project("{FAE04EC0-301F-11D3-BF4B-00C04F79EFBC}") = "mkryuchkov.PosPrinter.Model.Core", "mkryuchkov.PosPrinter.Model.Core\mkryuchkov.PosPrinter.Model.Core.csproj", "{98FA3B55-89D9-4865-A446-FB9D72A4997D}"
EndProject
Project("{FAE04EC0-301F-11D3-BF4B-00C04F79EFBC}") = "mkryuchkov.PosPrinter.Common", "mkryuchkov.PosPrinter.Common\mkryuchkov.PosPrinter.Common.csproj", "{4F1F7725-99F0-4752-BA65-B6F93D822EB2}"
EndProject
Project("{FAE04EC0-301F-11D3-BF4B-00C04F79EFBC}") = "mkryuchkov.PosPrinter.Localization", "mkryuchkov.PosPrinter.Localization\mkryuchkov.PosPrinter.Localization.csproj", "{E79BFF3D-4F3F-4E04-A7B3-0FB56537615A}"
EndProject
Global
	GlobalSection(SolutionConfigurationPlatforms) = preSolution
		Debug|Any CPU = Debug|Any CPU
		Release|Any CPU = Release|Any CPU
	EndGlobalSection
	GlobalSection(ProjectConfigurationPlatforms) = postSolution
		{C095574C-4936-437D-93B5-6C3A4D8D4DEA}.Debug|Any CPU.ActiveCfg = Debug|Any CPU
		{C095574C-4936-437D-93B5-6C3A4D8D4DEA}.Debug|Any CPU.Build.0 = Debug|Any CPU
		{C095574C-4936-437D-93B5-6C3A4D8D4DEA}.Release|Any CPU.ActiveCfg = Release|Any CPU
		{C095574C-4936-437D-93B5-6C3A4D8D4DEA}.Release|Any CPU.Build.0 = Release|Any CPU
		{51FED8B2-E0FE-4F94-AF26-5A40EA73CCCC}.Debug|Any CPU.ActiveCfg = Debug|Any CPU
		{51FED8B2-E0FE-4F94-AF26-5A40EA73CCCC}.Debug|Any CPU.Build.0 = Debug|Any CPU
		{51FED8B2-E0FE-4F94-AF26-5A40EA73CCCC}.Release|Any CPU.ActiveCfg = Release|Any CPU
		{51FED8B2-E0FE-4F94-AF26-5A40EA73CCCC}.Release|Any CPU.Build.0 = Release|Any CPU
		{956B81A8-7904-4117-925C-1BA99545861F}.Debug|Any CPU.ActiveCfg = Debug|Any CPU
		{956B81A8-7904-4117-925C-1BA99545861F}.Debug|Any CPU.Build.0 = Debug|Any CPU
		{956B81A8-7904-4117-925C-1BA99545861F}.Release|Any CPU.ActiveCfg = Release|Any CPU
		{956B81A8-7904-4117-925C-1BA99545861F}.Release|Any CPU.Build.0 = Release|Any CPU
		{73F63D17-AF29-4DCD-B8B9-149D621C883F}.Debug|Any CPU.ActiveCfg = Debug|Any CPU
		{73F63D17-AF29-4DCD-B8B9-149D621C883F}.Debug|Any CPU.Build.0 = Debug|Any CPU
		{73F63D17-AF29-4DCD-B8B9-149D621C883F}.Release|Any CPU.ActiveCfg = Release|Any CPU
		{73F63D17-AF29-4DCD-B8B9-149D621C883F}.Release|Any CPU.Build.0 = Release|Any CPU
		{BD1046C6-D015-4504-94C0-106B84F5A1E2}.Debug|Any CPU.ActiveCfg = Debug|Any CPU
		{BD1046C6-D015-4504-94C0-106B84F5A1E2}.Debug|Any CPU.Build.0 = Debug|Any CPU
		{BD1046C6-D015-4504-94C0-106B84F5A1E2}.Release|Any CPU.ActiveCfg = Release|Any CPU
		{BD1046C6-D015-4504-94C0-106B84F5A1E2}.Release|Any CPU.Build.0 = Release|Any CPU
		{2A3A9360-2A3E-4110-A04C-004F1D43ACAD}.Debug|Any CPU.ActiveCfg = Debug|Any CPU
		{2A3A9360-2A3E-4110-A04C-004F1D43ACAD}.Debug|Any CPU.Build.0 = Debug|Any CPU
		{2A3A9360-2A3E-4110-A04C-004F1D43ACAD}.Release|Any CPU.ActiveCfg = Release|Any CPU
		{2A3A9360-2A3E-4110-A04C-004F1D43ACAD}.Release|Any CPU.Build.0 = Release|Any CPU
		{8C35E05E-2BF7-420C-8F4E-F27C27C502F3}.Debug|Any CPU.ActiveCfg = Debug|Any CPU
		{8C35E05E-2BF7-420C-8F4E-F27C27C502F3}.Debug|Any CPU.Build.0 = Debug|Any CPU
		{8C35E05E-2BF7-420C-8F4E-F27C27C502F3}.Release|Any CPU.ActiveCfg = Release|Any CPU
		{8C35E05E-2BF7-420C-8F4E-F27C27C502F3}.Release|Any CPU.Build.0 = Release|Any CPU
		{1B1DD17D-8E73-4A8B-AD6E-C34578627C24}.Debug|Any CPU.ActiveCfg = Debug|Any CPU
		{1B1DD17D-8E73-4A8B-AD6E-C34578627C24}.Debug|Any CPU.Build.0 = Debug|Any CPU
		{1B1DD17D-8E73-4A8B-AD6E-C34578627C24}.Release|Any CPU.ActiveCfg = Release|Any CPU
		{1B1DD17D-8E73-4A8B-AD6E-C34578627C24}.Release|Any CPU.Build.0 = Release|Any CPU
		{98FA3B55-89D9-4865-A446-FB9D72A4997D}.Debug|Any CPU.ActiveCfg = Debug|Any CPU
		{98FA3B55-89D9-4865-A446-FB9D72A4997D}.Debug|Any CPU.Build.0 = Debug|Any CPU
		{98FA3B55-89D9-4865-A446-FB9D72A4997D}.Release|Any CPU.ActiveCfg = Release|Any CPU
		{98FA3B55-89D9-4865-A446-FB9D72A4997D}.Release|Any CPU.Build.0 = Release|Any CPU
		{4F1F7725-99F0-4752-BA65-B6F93D822EB2}.Debug|Any CPU.ActiveCfg = Debug|Any CPU
		{4F1F7725-99F0-4752-BA65-B6F93D822EB2}.Debug|Any CPU.Build.0 = Debug|Any CPU
		{4F1F7725-99F0-4752-BA65-B6F93D822EB2}.Release|Any CPU.ActiveCfg = Release|Any CPU
		{4F1F7725-99F0-4752-BA65-B6F93D822EB2}.Release|Any CPU.Build.0 = Release|Any CPU
		{E79BFF3D-4F3F-4E04-A7B3-0FB56537615A}.Debug|Any CPU.ActiveCfg = Debug|Any CPU
		{E79BFF3D-4F3F-4E04-A7B3-0FB56537615A}.Debug|Any CPU.Build.0 = Debug|Any CPU
		{E79BFF3D-4F3F-4E04-A7B3-0FB56537615A}.Release|Any CPU.ActiveCfg = Release|Any CPU
		{E79BFF3D-4F3F-4E04-A7B3-0FB56537615A}.Release|Any CPU.Build.0 = Release|Any CPU
	EndGlobalSection
	GlobalSection(NestedProjects) = preSolution
		{C095574C-4936-437D-93B5-6C3A4D8D4DEA} = {06930EC5-4ED2-44C9-BB66-A105CDD5E845}
		{51FED8B2-E0FE-4F94-AF26-5A40EA73CCCC} = {9E968960-FF6E-4857-8320-5B40F6677B05}
		{73F63D17-AF29-4DCD-B8B9-149D621C883F} = {B8B9F195-AC8D-43F8-953E-72FE1786BBFA}
		{BD1046C6-D015-4504-94C0-106B84F5A1E2} = {B8B9F195-AC8D-43F8-953E-72FE1786BBFA}
		{2A3A9360-2A3E-4110-A04C-004F1D43ACAD} = {B8B9F195-AC8D-43F8-953E-72FE1786BBFA}
		{956B81A8-7904-4117-925C-1BA99545861F} = {8C982217-78C1-44CE-8AD6-9B4B1B08C42B}
		{8C35E05E-2BF7-420C-8F4E-F27C27C502F3} = {B8B9F195-AC8D-43F8-953E-72FE1786BBFA}
		{1B1DD17D-8E73-4A8B-AD6E-C34578627C24} = {8C982217-78C1-44CE-8AD6-9B4B1B08C42B}
		{98FA3B55-89D9-4865-A446-FB9D72A4997D} = {64E894DD-B2FD-4BC6-AF31-7331694EB9C2}
		{4F1F7725-99F0-4752-BA65-B6F93D822EB2} = {8C982217-78C1-44CE-8AD6-9B4B1B08C42B}
		{E79BFF3D-4F3F-4E04-A7B3-0FB56537615A} = {8C982217-78C1-44CE-8AD6-9B4B1B08C42B}
	EndGlobalSection
EndGlobal
